
Microsoft Visual Studio Solution File, Format Version 12.00
# Visual Studio 15
VisualStudioVersion = 15.0.28307.902
MinimumVisualStudioVersion = 10.0.40219.1
Project("{8BC9CEB8-8B4A-11D0-8D11-00A0C91BC942}") = "Trial_random", "Trial_random\Trial_random.vcxproj", "{EE0BE477-61ED-4534-A169-A8093A34B041}"
EndProject
Global
	GlobalSection(SolutionConfigurationPlatforms) = preSolution
		Debug|x64 = Debug|x64
		Release|x64 = Release|x64
	EndGlobalSection
	GlobalSection(ProjectConfigurationPlatforms) = postSolution
		{EE0BE477-61ED-4534-A169-A8093A34B041}.Debug|x64.ActiveCfg = Debug|x64
		{EE0BE477-61ED-4534-A169-A8093A34B041}.Debug|x64.Build.0 = Debug|x64
		{EE0BE477-61ED-4534-A169-A8093A34B041}.Release|x64.ActiveCfg = Release|x64
		{EE0BE477-61ED-4534-A169-A8093A34B041}.Release|x64.Build.0 = Release|x64
	EndGlobalSection
	GlobalSection(SolutionProperties) = preSolution
		HideSolutionNode = FALSE
	EndGlobalSection
	GlobalSection(ExtensibilityGlobals) = postSolution
		SolutionGuid = {F3E6902A-AFFE-4F51-9A51-2B0198105211}
	EndGlobalSection
EndGlobal
